// !$*UTF8*$!
{
	archiveVersion = 1;
	classes = {
	};
	objectVersion = 50;
	objects = {

/* Begin PBXBuildFile section */
		1E2B5862253CD2C700124991 /* MyTextFieldView.swift in Sources */ = {isa = PBXBuildFile; fileRef = 1E2B5861253CD2C700124991 /* MyTextFieldView.swift */; };
		1E2B5868253CD60700124991 /* MyPlaceholderLabel.swift in Sources */ = {isa = PBXBuildFile; fileRef = 1E2B5867253CD60700124991 /* MyPlaceholderLabel.swift */; };
		1E2B5870253CD85800124991 /* CALayer+Ext.swift in Sources */ = {isa = PBXBuildFile; fileRef = 1E2B586F253CD85800124991 /* CALayer+Ext.swift */; };
		1E2B587F253DE36000124991 /* WifiController.swift in Sources */ = {isa = PBXBuildFile; fileRef = 1E2B587E253DE36000124991 /* WifiController.swift */; };
		1E2B5884253DE4EF00124991 /* Wifi+Convenience.swift in Sources */ = {isa = PBXBuildFile; fileRef = 1E2B5883253DE4EF00124991 /* Wifi+Convenience.swift */; };
		1E2B5889253DF5E200124991 /* UIViewController+Alerts.swift in Sources */ = {isa = PBXBuildFile; fileRef = 1E2B5888253DF5E200124991 /* UIViewController+Alerts.swift */; };
		1EA9B88F253C7A9B0041E705 /* AppDelegate.swift in Sources */ = {isa = PBXBuildFile; fileRef = 1EA9B88E253C7A9B0041E705 /* AppDelegate.swift */; };
		1EA9B891253C7A9B0041E705 /* SceneDelegate.swift in Sources */ = {isa = PBXBuildFile; fileRef = 1EA9B890253C7A9B0041E705 /* SceneDelegate.swift */; };
		1EA9B899253C7A9B0041E705 /* WiFiList.xcdatamodeld in Sources */ = {isa = PBXBuildFile; fileRef = 1EA9B897253C7A9B0041E705 /* WiFiList.xcdatamodeld */; };
		1EA9B89B253C7A9C0041E705 /* Assets.xcassets in Resources */ = {isa = PBXBuildFile; fileRef = 1EA9B89A253C7A9C0041E705 /* Assets.xcassets */; };
		1EA9B89E253C7A9C0041E705 /* LaunchScreen.storyboard in Resources */ = {isa = PBXBuildFile; fileRef = 1EA9B89C253C7A9C0041E705 /* LaunchScreen.storyboard */; };
		1EA9B8A9253C7A9D0041E705 /* WiFiListTests.swift in Sources */ = {isa = PBXBuildFile; fileRef = 1EA9B8A8253C7A9D0041E705 /* WiFiListTests.swift */; };
		1EA9B8B4253C7A9D0041E705 /* WiFiListUITests.swift in Sources */ = {isa = PBXBuildFile; fileRef = 1EA9B8B3253C7A9D0041E705 /* WiFiListUITests.swift */; };
		1EA9B8CE253C86710041E705 /* WiFiTableVC.swift in Sources */ = {isa = PBXBuildFile; fileRef = 1EA9B8CD253C86710041E705 /* WiFiTableVC.swift */; };
		1EA9B8DF253C8D2E0041E705 /* UIFont+Rounded.swift in Sources */ = {isa = PBXBuildFile; fileRef = 1EA9B8DE253C8D2E0041E705 /* UIFont+Rounded.swift */; };
		1EA9B8E4253C92100041E705 /* CoreDataStack.swift in Sources */ = {isa = PBXBuildFile; fileRef = 1EA9B8E3253C92100041E705 /* CoreDataStack.swift */; };
		1EA9B8EE253C9A6B0041E705 /* WifiCell.swift in Sources */ = {isa = PBXBuildFile; fileRef = 1EA9B8ED253C9A6B0041E705 /* WifiCell.swift */; };
		1EA9B8F7253C9F620041E705 /* Colors.swift in Sources */ = {isa = PBXBuildFile; fileRef = 1EA9B8F6253C9F620041E705 /* Colors.swift */; };
		1EA9B8FC253CA6A80041E705 /* AddWifiVC.swift in Sources */ = {isa = PBXBuildFile; fileRef = 1EA9B8FB253CA6A80041E705 /* AddWifiVC.swift */; };
		1EE79F11253E20DB005DFA46 /* MyTitleLabel.swift in Sources */ = {isa = PBXBuildFile; fileRef = 1EE79F10253E20DB005DFA46 /* MyTitleLabel.swift */; };
		1EE79F21253F63FB005DFA46 /* DetailVC.swift in Sources */ = {isa = PBXBuildFile; fileRef = 1EE79F20253F63FB005DFA46 /* DetailVC.swift */; };
		1EE79F27253F6608005DFA46 /* WifiImageView.swift in Sources */ = {isa = PBXBuildFile; fileRef = 1EE79F26253F6608005DFA46 /* WifiImageView.swift */; };
		1EEB298B254098E10072636E /* InfoView.swift in Sources */ = {isa = PBXBuildFile; fileRef = 1EEB298A254098E10072636E /* InfoView.swift */; };
		1EEB299025409C670072636E /* UIStackView.swift in Sources */ = {isa = PBXBuildFile; fileRef = 1EEB298F25409C670072636E /* UIStackView.swift */; };
		1EEB299525409FEA0072636E /* IconImageView.swift in Sources */ = {isa = PBXBuildFile; fileRef = 1EEB299425409FEA0072636E /* IconImageView.swift */; };
		1EEB29A02540A1BC0072636E /* FaceIDUtility.swift in Sources */ = {isa = PBXBuildFile; fileRef = 1EEB299F2540A1BC0072636E /* FaceIDUtility.swift */; };
		1EEB29A52540A23F0072636E /* LocalAuth.swift in Sources */ = {isa = PBXBuildFile; fileRef = 1EEB29A42540A23F0072636E /* LocalAuth.swift */; };
/* End PBXBuildFile section */

/* Begin PBXContainerItemProxy section */
		1EA9B8A5253C7A9D0041E705 /* PBXContainerItemProxy */ = {
			isa = PBXContainerItemProxy;
			containerPortal = 1EA9B883253C7A9B0041E705 /* Project object */;
			proxyType = 1;
			remoteGlobalIDString = 1EA9B88A253C7A9B0041E705;
			remoteInfo = WiFiList;
		};
		1EA9B8B0253C7A9D0041E705 /* PBXContainerItemProxy */ = {
			isa = PBXContainerItemProxy;
			containerPortal = 1EA9B883253C7A9B0041E705 /* Project object */;
			proxyType = 1;
			remoteGlobalIDString = 1EA9B88A253C7A9B0041E705;
			remoteInfo = WiFiList;
		};
/* End PBXContainerItemProxy section */

/* Begin PBXFileReference section */
		1E2B5861253CD2C700124991 /* MyTextFieldView.swift */ = {isa = PBXFileReference; lastKnownFileType = sourcecode.swift; path = MyTextFieldView.swift; sourceTree = "<group>"; };
		1E2B5867253CD60700124991 /* MyPlaceholderLabel.swift */ = {isa = PBXFileReference; lastKnownFileType = sourcecode.swift; path = MyPlaceholderLabel.swift; sourceTree = "<group>"; };
		1E2B586F253CD85800124991 /* CALayer+Ext.swift */ = {isa = PBXFileReference; lastKnownFileType = sourcecode.swift; path = "CALayer+Ext.swift"; sourceTree = "<group>"; };
		1E2B587E253DE36000124991 /* WifiController.swift */ = {isa = PBXFileReference; lastKnownFileType = sourcecode.swift; path = WifiController.swift; sourceTree = "<group>"; };
		1E2B5883253DE4EF00124991 /* Wifi+Convenience.swift */ = {isa = PBXFileReference; lastKnownFileType = sourcecode.swift; path = "Wifi+Convenience.swift"; sourceTree = "<group>"; };
		1E2B5888253DF5E200124991 /* UIViewController+Alerts.swift */ = {isa = PBXFileReference; lastKnownFileType = sourcecode.swift; path = "UIViewController+Alerts.swift"; sourceTree = "<group>"; };
		1EA9B88B253C7A9B0041E705 /* WiFiList.app */ = {isa = PBXFileReference; explicitFileType = wrapper.application; includeInIndex = 0; path = WiFiList.app; sourceTree = BUILT_PRODUCTS_DIR; };
		1EA9B88E253C7A9B0041E705 /* AppDelegate.swift */ = {isa = PBXFileReference; lastKnownFileType = sourcecode.swift; path = AppDelegate.swift; sourceTree = "<group>"; };
		1EA9B890253C7A9B0041E705 /* SceneDelegate.swift */ = {isa = PBXFileReference; lastKnownFileType = sourcecode.swift; path = SceneDelegate.swift; sourceTree = "<group>"; };
		1EA9B898253C7A9B0041E705 /* WiFiList.xcdatamodel */ = {isa = PBXFileReference; lastKnownFileType = wrapper.xcdatamodel; path = WiFiList.xcdatamodel; sourceTree = "<group>"; };
		1EA9B89A253C7A9C0041E705 /* Assets.xcassets */ = {isa = PBXFileReference; lastKnownFileType = folder.assetcatalog; path = Assets.xcassets; sourceTree = "<group>"; };
		1EA9B89D253C7A9C0041E705 /* Base */ = {isa = PBXFileReference; lastKnownFileType = file.storyboard; name = Base; path = Base.lproj/LaunchScreen.storyboard; sourceTree = "<group>"; };
		1EA9B89F253C7A9C0041E705 /* Info.plist */ = {isa = PBXFileReference; lastKnownFileType = text.plist.xml; path = Info.plist; sourceTree = "<group>"; };
		1EA9B8A4253C7A9D0041E705 /* WiFiListTests.xctest */ = {isa = PBXFileReference; explicitFileType = wrapper.cfbundle; includeInIndex = 0; path = WiFiListTests.xctest; sourceTree = BUILT_PRODUCTS_DIR; };
		1EA9B8A8253C7A9D0041E705 /* WiFiListTests.swift */ = {isa = PBXFileReference; lastKnownFileType = sourcecode.swift; path = WiFiListTests.swift; sourceTree = "<group>"; };
		1EA9B8AA253C7A9D0041E705 /* Info.plist */ = {isa = PBXFileReference; lastKnownFileType = text.plist.xml; path = Info.plist; sourceTree = "<group>"; };
		1EA9B8AF253C7A9D0041E705 /* WiFiListUITests.xctest */ = {isa = PBXFileReference; explicitFileType = wrapper.cfbundle; includeInIndex = 0; path = WiFiListUITests.xctest; sourceTree = BUILT_PRODUCTS_DIR; };
		1EA9B8B3253C7A9D0041E705 /* WiFiListUITests.swift */ = {isa = PBXFileReference; lastKnownFileType = sourcecode.swift; path = WiFiListUITests.swift; sourceTree = "<group>"; };
		1EA9B8B5253C7A9D0041E705 /* Info.plist */ = {isa = PBXFileReference; lastKnownFileType = text.plist.xml; path = Info.plist; sourceTree = "<group>"; };
		1EA9B8CD253C86710041E705 /* WiFiTableVC.swift */ = {isa = PBXFileReference; lastKnownFileType = sourcecode.swift; path = WiFiTableVC.swift; sourceTree = "<group>"; };
		1EA9B8DE253C8D2E0041E705 /* UIFont+Rounded.swift */ = {isa = PBXFileReference; lastKnownFileType = sourcecode.swift; path = "UIFont+Rounded.swift"; sourceTree = "<group>"; };
		1EA9B8E3253C92100041E705 /* CoreDataStack.swift */ = {isa = PBXFileReference; lastKnownFileType = sourcecode.swift; path = CoreDataStack.swift; sourceTree = "<group>"; };
		1EA9B8ED253C9A6B0041E705 /* WifiCell.swift */ = {isa = PBXFileReference; lastKnownFileType = sourcecode.swift; path = WifiCell.swift; sourceTree = "<group>"; };
		1EA9B8F6253C9F620041E705 /* Colors.swift */ = {isa = PBXFileReference; lastKnownFileType = sourcecode.swift; path = Colors.swift; sourceTree = "<group>"; };
		1EA9B8FB253CA6A80041E705 /* AddWifiVC.swift */ = {isa = PBXFileReference; lastKnownFileType = sourcecode.swift; path = AddWifiVC.swift; sourceTree = "<group>"; };
		1EE79F10253E20DB005DFA46 /* MyTitleLabel.swift */ = {isa = PBXFileReference; lastKnownFileType = sourcecode.swift; path = MyTitleLabel.swift; sourceTree = "<group>"; };
		1EE79F20253F63FB005DFA46 /* DetailVC.swift */ = {isa = PBXFileReference; lastKnownFileType = sourcecode.swift; path = DetailVC.swift; sourceTree = "<group>"; };
		1EE79F26253F6608005DFA46 /* WifiImageView.swift */ = {isa = PBXFileReference; lastKnownFileType = sourcecode.swift; path = WifiImageView.swift; sourceTree = "<group>"; };
		1EEB298A254098E10072636E /* InfoView.swift */ = {isa = PBXFileReference; lastKnownFileType = sourcecode.swift; path = InfoView.swift; sourceTree = "<group>"; };
		1EEB298F25409C670072636E /* UIStackView.swift */ = {isa = PBXFileReference; lastKnownFileType = sourcecode.swift; path = UIStackView.swift; sourceTree = "<group>"; };
		1EEB299425409FEA0072636E /* IconImageView.swift */ = {isa = PBXFileReference; lastKnownFileType = sourcecode.swift; path = IconImageView.swift; sourceTree = "<group>"; };
		1EEB299F2540A1BC0072636E /* FaceIDUtility.swift */ = {isa = PBXFileReference; lastKnownFileType = sourcecode.swift; path = FaceIDUtility.swift; sourceTree = "<group>"; };
		1EEB29A42540A23F0072636E /* LocalAuth.swift */ = {isa = PBXFileReference; lastKnownFileType = sourcecode.swift; path = LocalAuth.swift; sourceTree = "<group>"; };
/* End PBXFileReference section */

/* Begin PBXFrameworksBuildPhase section */
		1EA9B888253C7A9B0041E705 /* Frameworks */ = {
			isa = PBXFrameworksBuildPhase;
			buildActionMask = 2147483647;
			files = (
			);
			runOnlyForDeploymentPostprocessing = 0;
		};
		1EA9B8A1253C7A9D0041E705 /* Frameworks */ = {
			isa = PBXFrameworksBuildPhase;
			buildActionMask = 2147483647;
			files = (
			);
			runOnlyForDeploymentPostprocessing = 0;
		};
		1EA9B8AC253C7A9D0041E705 /* Frameworks */ = {
			isa = PBXFrameworksBuildPhase;
			buildActionMask = 2147483647;
			files = (
			);
			runOnlyForDeploymentPostprocessing = 0;
		};
/* End PBXFrameworksBuildPhase section */

/* Begin PBXGroup section */
		1E2B585B253CD1EE00124991 /* TextField */ = {
			isa = PBXGroup;
			children = (
				1E2B5861253CD2C700124991 /* MyTextFieldView.swift */,
			);
			path = TextField;
			sourceTree = "<group>";
		};
		1E2B5866253CD5F400124991 /* Label */ = {
			isa = PBXGroup;
			children = (
				1E2B5867253CD60700124991 /* MyPlaceholderLabel.swift */,
				1EE79F10253E20DB005DFA46 /* MyTitleLabel.swift */,
			);
			path = Label;
			sourceTree = "<group>";
		};
		1EA9B882253C7A9B0041E705 = {
			isa = PBXGroup;
			children = (
				1EA9B88D253C7A9B0041E705 /* WiFiList */,
				1EA9B8A7253C7A9D0041E705 /* WiFiListTests */,
				1EA9B8B2253C7A9D0041E705 /* WiFiListUITests */,
				1EA9B88C253C7A9B0041E705 /* Products */,
			);
			sourceTree = "<group>";
		};
		1EA9B88C253C7A9B0041E705 /* Products */ = {
			isa = PBXGroup;
			children = (
				1EA9B88B253C7A9B0041E705 /* WiFiList.app */,
				1EA9B8A4253C7A9D0041E705 /* WiFiListTests.xctest */,
				1EA9B8AF253C7A9D0041E705 /* WiFiListUITests.xctest */,
			);
			name = Products;
			sourceTree = "<group>";
		};
		1EA9B88D253C7A9B0041E705 /* WiFiList */ = {
			isa = PBXGroup;
			children = (
				1EA9B8EB253C9A4A0041E705 /* Views */,
				1EA9B8DD253C8D110041E705 /* Extenstions */,
				1EA9B8CC253C86280041E705 /* ViewControllers */,
				1EA9B8C4253C7ACF0041E705 /* Resources */,
				1EA9B8C5253C7B2D0041E705 /* Model */,
				1EA9B8F5253C9F520041E705 /* Utils */,
				1EA9B89F253C7A9C0041E705 /* Info.plist */,
			);
			path = WiFiList;
			sourceTree = "<group>";
		};
		1EA9B8A7253C7A9D0041E705 /* WiFiListTests */ = {
			isa = PBXGroup;
			children = (
				1EA9B8A8253C7A9D0041E705 /* WiFiListTests.swift */,
				1EA9B8AA253C7A9D0041E705 /* Info.plist */,
			);
			path = WiFiListTests;
			sourceTree = "<group>";
		};
		1EA9B8B2253C7A9D0041E705 /* WiFiListUITests */ = {
			isa = PBXGroup;
			children = (
				1EA9B8B3253C7A9D0041E705 /* WiFiListUITests.swift */,
				1EA9B8B5253C7A9D0041E705 /* Info.plist */,
			);
			path = WiFiListUITests;
			sourceTree = "<group>";
		};
		1EA9B8C4253C7ACF0041E705 /* Resources */ = {
			isa = PBXGroup;
			children = (
				1EA9B88E253C7A9B0041E705 /* AppDelegate.swift */,
				1EA9B890253C7A9B0041E705 /* SceneDelegate.swift */,
				1EA9B89A253C7A9C0041E705 /* Assets.xcassets */,
				1EA9B89C253C7A9C0041E705 /* LaunchScreen.storyboard */,
			);
			path = Resources;
			sourceTree = "<group>";
		};
		1EA9B8C5253C7B2D0041E705 /* Model */ = {
			isa = PBXGroup;
			children = (
				1EA9B897253C7A9B0041E705 /* WiFiList.xcdatamodeld */,
				1EA9B8E3253C92100041E705 /* CoreDataStack.swift */,
				1E2B587E253DE36000124991 /* WifiController.swift */,
				1E2B5883253DE4EF00124991 /* Wifi+Convenience.swift */,
			);
			path = Model;
			sourceTree = "<group>";
		};
		1EA9B8CC253C86280041E705 /* ViewControllers */ = {
			isa = PBXGroup;
			children = (
				1EA9B8CD253C86710041E705 /* WiFiTableVC.swift */,
				1EA9B8FB253CA6A80041E705 /* AddWifiVC.swift */,
				1EE79F20253F63FB005DFA46 /* DetailVC.swift */,
			);
			path = ViewControllers;
			sourceTree = "<group>";
		};
		1EA9B8DD253C8D110041E705 /* Extenstions */ = {
			isa = PBXGroup;
			children = (
				1EA9B8DE253C8D2E0041E705 /* UIFont+Rounded.swift */,
				1E2B586F253CD85800124991 /* CALayer+Ext.swift */,
				1E2B5888253DF5E200124991 /* UIViewController+Alerts.swift */,
				1EEB298F25409C670072636E /* UIStackView.swift */,
				1EEB29A42540A23F0072636E /* LocalAuth.swift */,
			);
			path = Extenstions;
			sourceTree = "<group>";
		};
		1EA9B8EB253C9A4A0041E705 /* Views */ = {
			isa = PBXGroup;
			children = (
				1EEB2989254098CF0072636E /* CustomView */,
				1EE79F25253F65ED005DFA46 /* ImageView */,
				1E2B5866253CD5F400124991 /* Label */,
				1E2B585B253CD1EE00124991 /* TextField */,
				1EA9B8EC253C9A510041E705 /* Cells */,
			);
			path = Views;
			sourceTree = "<group>";
		};
		1EA9B8EC253C9A510041E705 /* Cells */ = {
			isa = PBXGroup;
			children = (
				1EA9B8ED253C9A6B0041E705 /* WifiCell.swift */,
			);
			path = Cells;
			sourceTree = "<group>";
		};
		1EA9B8F5253C9F520041E705 /* Utils */ = {
			isa = PBXGroup;
			children = (
				1EA9B8F6253C9F620041E705 /* Colors.swift */,
				1EEB299F2540A1BC0072636E /* FaceIDUtility.swift */,
			);
			path = Utils;
			sourceTree = "<group>";
		};
		1EE79F25253F65ED005DFA46 /* ImageView */ = {
			isa = PBXGroup;
			children = (
				1EE79F26253F6608005DFA46 /* WifiImageView.swift */,
				1EEB299425409FEA0072636E /* IconImageView.swift */,
			);
			path = ImageView;
			sourceTree = "<group>";
		};
		1EEB2989254098CF0072636E /* CustomView */ = {
			isa = PBXGroup;
			children = (
				1EEB298A254098E10072636E /* InfoView.swift */,
			);
			path = CustomView;
			sourceTree = "<group>";
		};
/* End PBXGroup section */

/* Begin PBXNativeTarget section */
		1EA9B88A253C7A9B0041E705 /* WiFiList */ = {
			isa = PBXNativeTarget;
			buildConfigurationList = 1EA9B8B8253C7A9D0041E705 /* Build configuration list for PBXNativeTarget "WiFiList" */;
			buildPhases = (
				1EA9B887253C7A9B0041E705 /* Sources */,
				1EA9B888253C7A9B0041E705 /* Frameworks */,
				1EA9B889253C7A9B0041E705 /* Resources */,
			);
			buildRules = (
			);
			dependencies = (
			);
			name = WiFiList;
			productName = WiFiList;
			productReference = 1EA9B88B253C7A9B0041E705 /* WiFiList.app */;
			productType = "com.apple.product-type.application";
		};
		1EA9B8A3253C7A9D0041E705 /* WiFiListTests */ = {
			isa = PBXNativeTarget;
			buildConfigurationList = 1EA9B8BB253C7A9D0041E705 /* Build configuration list for PBXNativeTarget "WiFiListTests" */;
			buildPhases = (
				1EA9B8A0253C7A9D0041E705 /* Sources */,
				1EA9B8A1253C7A9D0041E705 /* Frameworks */,
				1EA9B8A2253C7A9D0041E705 /* Resources */,
			);
			buildRules = (
			);
			dependencies = (
				1EA9B8A6253C7A9D0041E705 /* PBXTargetDependency */,
			);
			name = WiFiListTests;
			productName = WiFiListTests;
			productReference = 1EA9B8A4253C7A9D0041E705 /* WiFiListTests.xctest */;
			productType = "com.apple.product-type.bundle.unit-test";
		};
		1EA9B8AE253C7A9D0041E705 /* WiFiListUITests */ = {
			isa = PBXNativeTarget;
			buildConfigurationList = 1EA9B8BE253C7A9D0041E705 /* Build configuration list for PBXNativeTarget "WiFiListUITests" */;
			buildPhases = (
				1EA9B8AB253C7A9D0041E705 /* Sources */,
				1EA9B8AC253C7A9D0041E705 /* Frameworks */,
				1EA9B8AD253C7A9D0041E705 /* Resources */,
			);
			buildRules = (
			);
			dependencies = (
				1EA9B8B1253C7A9D0041E705 /* PBXTargetDependency */,
			);
			name = WiFiListUITests;
			productName = WiFiListUITests;
			productReference = 1EA9B8AF253C7A9D0041E705 /* WiFiListUITests.xctest */;
			productType = "com.apple.product-type.bundle.ui-testing";
		};
/* End PBXNativeTarget section */

/* Begin PBXProject section */
		1EA9B883253C7A9B0041E705 /* Project object */ = {
			isa = PBXProject;
			attributes = {
				LastSwiftUpdateCheck = 1200;
				LastUpgradeCheck = 1200;
				TargetAttributes = {
					1EA9B88A253C7A9B0041E705 = {
						CreatedOnToolsVersion = 12.0.1;
					};
					1EA9B8A3253C7A9D0041E705 = {
						CreatedOnToolsVersion = 12.0.1;
						TestTargetID = 1EA9B88A253C7A9B0041E705;
					};
					1EA9B8AE253C7A9D0041E705 = {
						CreatedOnToolsVersion = 12.0.1;
						TestTargetID = 1EA9B88A253C7A9B0041E705;
					};
				};
			};
			buildConfigurationList = 1EA9B886253C7A9B0041E705 /* Build configuration list for PBXProject "WiFiList" */;
			compatibilityVersion = "Xcode 9.3";
			developmentRegion = en;
			hasScannedForEncodings = 0;
			knownRegions = (
				en,
				Base,
			);
			mainGroup = 1EA9B882253C7A9B0041E705;
			productRefGroup = 1EA9B88C253C7A9B0041E705 /* Products */;
			projectDirPath = "";
			projectRoot = "";
			targets = (
				1EA9B88A253C7A9B0041E705 /* WiFiList */,
				1EA9B8A3253C7A9D0041E705 /* WiFiListTests */,
				1EA9B8AE253C7A9D0041E705 /* WiFiListUITests */,
			);
		};
/* End PBXProject section */

/* Begin PBXResourcesBuildPhase section */
		1EA9B889253C7A9B0041E705 /* Resources */ = {
			isa = PBXResourcesBuildPhase;
			buildActionMask = 2147483647;
			files = (
				1EA9B89E253C7A9C0041E705 /* LaunchScreen.storyboard in Resources */,
				1EA9B89B253C7A9C0041E705 /* Assets.xcassets in Resources */,
			);
			runOnlyForDeploymentPostprocessing = 0;
		};
		1EA9B8A2253C7A9D0041E705 /* Resources */ = {
			isa = PBXResourcesBuildPhase;
			buildActionMask = 2147483647;
			files = (
			);
			runOnlyForDeploymentPostprocessing = 0;
		};
		1EA9B8AD253C7A9D0041E705 /* Resources */ = {
			isa = PBXResourcesBuildPhase;
			buildActionMask = 2147483647;
			files = (
			);
			runOnlyForDeploymentPostprocessing = 0;
		};
/* End PBXResourcesBuildPhase section */

/* Begin PBXSourcesBuildPhase section */
		1EA9B887253C7A9B0041E705 /* Sources */ = {
			isa = PBXSourcesBuildPhase;
			buildActionMask = 2147483647;
			files = (
				1EA9B8EE253C9A6B0041E705 /* WifiCell.swift in Sources */,
				1EA9B8F7253C9F620041E705 /* Colors.swift in Sources */,
				1EEB29A02540A1BC0072636E /* FaceIDUtility.swift in Sources */,
				1EA9B8E4253C92100041E705 /* CoreDataStack.swift in Sources */,
				1E2B5884253DE4EF00124991 /* Wifi+Convenience.swift in Sources */,
				1EE79F21253F63FB005DFA46 /* DetailVC.swift in Sources */,
				1EA9B8CE253C86710041E705 /* WiFiTableVC.swift in Sources */,
				1EEB298B254098E10072636E /* InfoView.swift in Sources */,
				1EEB299025409C670072636E /* UIStackView.swift in Sources */,
				1EEB299525409FEA0072636E /* IconImageView.swift in Sources */,
				1EE79F11253E20DB005DFA46 /* MyTitleLabel.swift in Sources */,
				1EE79F27253F6608005DFA46 /* WifiImageView.swift in Sources */,
				1EA9B899253C7A9B0041E705 /* WiFiList.xcdatamodeld in Sources */,
				1E2B5862253CD2C700124991 /* MyTextFieldView.swift in Sources */,
				1E2B5870253CD85800124991 /* CALayer+Ext.swift in Sources */,
				1EEB29A52540A23F0072636E /* LocalAuth.swift in Sources */,
				1EA9B8FC253CA6A80041E705 /* AddWifiVC.swift in Sources */,
				1E2B587F253DE36000124991 /* WifiController.swift in Sources */,
				1EA9B88F253C7A9B0041E705 /* AppDelegate.swift in Sources */,
				1E2B5889253DF5E200124991 /* UIViewController+Alerts.swift in Sources */,
				1EA9B891253C7A9B0041E705 /* SceneDelegate.swift in Sources */,
				1E2B5868253CD60700124991 /* MyPlaceholderLabel.swift in Sources */,
				1EA9B8DF253C8D2E0041E705 /* UIFont+Rounded.swift in Sources */,
			);
			runOnlyForDeploymentPostprocessing = 0;
		};
		1EA9B8A0253C7A9D0041E705 /* Sources */ = {
			isa = PBXSourcesBuildPhase;
			buildActionMask = 2147483647;
			files = (
				1EA9B8A9253C7A9D0041E705 /* WiFiListTests.swift in Sources */,
			);
			runOnlyForDeploymentPostprocessing = 0;
		};
		1EA9B8AB253C7A9D0041E705 /* Sources */ = {
			isa = PBXSourcesBuildPhase;
			buildActionMask = 2147483647;
			files = (
				1EA9B8B4253C7A9D0041E705 /* WiFiListUITests.swift in Sources */,
			);
			runOnlyForDeploymentPostprocessing = 0;
		};
/* End PBXSourcesBuildPhase section */

/* Begin PBXTargetDependency section */
		1EA9B8A6253C7A9D0041E705 /* PBXTargetDependency */ = {
			isa = PBXTargetDependency;
			target = 1EA9B88A253C7A9B0041E705 /* WiFiList */;
			targetProxy = 1EA9B8A5253C7A9D0041E705 /* PBXContainerItemProxy */;
		};
		1EA9B8B1253C7A9D0041E705 /* PBXTargetDependency */ = {
			isa = PBXTargetDependency;
			target = 1EA9B88A253C7A9B0041E705 /* WiFiList */;
			targetProxy = 1EA9B8B0253C7A9D0041E705 /* PBXContainerItemProxy */;
		};
/* End PBXTargetDependency section */

/* Begin PBXVariantGroup section */
		1EA9B89C253C7A9C0041E705 /* LaunchScreen.storyboard */ = {
			isa = PBXVariantGroup;
			children = (
				1EA9B89D253C7A9C0041E705 /* Base */,
			);
			name = LaunchScreen.storyboard;
			sourceTree = "<group>";
		};
/* End PBXVariantGroup section */

/* Begin XCBuildConfiguration section */
		1EA9B8B6253C7A9D0041E705 /* Debug */ = {
			isa = XCBuildConfiguration;
			buildSettings = {
				ALWAYS_SEARCH_USER_PATHS = NO;
				CLANG_ANALYZER_NONNULL = YES;
				CLANG_ANALYZER_NUMBER_OBJECT_CONVERSION = YES_AGGRESSIVE;
				CLANG_CXX_LANGUAGE_STANDARD = "gnu++14";
				CLANG_CXX_LIBRARY = "libc++";
				CLANG_ENABLE_MODULES = YES;
				CLANG_ENABLE_OBJC_ARC = YES;
				CLANG_ENABLE_OBJC_WEAK = YES;
				CLANG_WARN_BLOCK_CAPTURE_AUTORELEASING = YES;
				CLANG_WARN_BOOL_CONVERSION = YES;
				CLANG_WARN_COMMA = YES;
				CLANG_WARN_CONSTANT_CONVERSION = YES;
				CLANG_WARN_DEPRECATED_OBJC_IMPLEMENTATIONS = YES;
				CLANG_WARN_DIRECT_OBJC_ISA_USAGE = YES_ERROR;
				CLANG_WARN_DOCUMENTATION_COMMENTS = YES;
				CLANG_WARN_EMPTY_BODY = YES;
				CLANG_WARN_ENUM_CONVERSION = YES;
				CLANG_WARN_INFINITE_RECURSION = YES;
				CLANG_WARN_INT_CONVERSION = YES;
				CLANG_WARN_NON_LITERAL_NULL_CONVERSION = YES;
				CLANG_WARN_OBJC_IMPLICIT_RETAIN_SELF = YES;
				CLANG_WARN_OBJC_LITERAL_CONVERSION = YES;
				CLANG_WARN_OBJC_ROOT_CLASS = YES_ERROR;
				CLANG_WARN_QUOTED_INCLUDE_IN_FRAMEWORK_HEADER = YES;
				CLANG_WARN_RANGE_LOOP_ANALYSIS = YES;
				CLANG_WARN_STRICT_PROTOTYPES = YES;
				CLANG_WARN_SUSPICIOUS_MOVE = YES;
				CLANG_WARN_UNGUARDED_AVAILABILITY = YES_AGGRESSIVE;
				CLANG_WARN_UNREACHABLE_CODE = YES;
				CLANG_WARN__DUPLICATE_METHOD_MATCH = YES;
				COPY_PHASE_STRIP = NO;
				DEBUG_INFORMATION_FORMAT = dwarf;
				ENABLE_STRICT_OBJC_MSGSEND = YES;
				ENABLE_TESTABILITY = YES;
				GCC_C_LANGUAGE_STANDARD = gnu11;
				GCC_DYNAMIC_NO_PIC = NO;
				GCC_NO_COMMON_BLOCKS = YES;
				GCC_OPTIMIZATION_LEVEL = 0;
				GCC_PREPROCESSOR_DEFINITIONS = (
					"DEBUG=1",
					"$(inherited)",
				);
				GCC_WARN_64_TO_32_BIT_CONVERSION = YES;
				GCC_WARN_ABOUT_RETURN_TYPE = YES_ERROR;
				GCC_WARN_UNDECLARED_SELECTOR = YES;
				GCC_WARN_UNINITIALIZED_AUTOS = YES_AGGRESSIVE;
				GCC_WARN_UNUSED_FUNCTION = YES;
				GCC_WARN_UNUSED_VARIABLE = YES;
				IPHONEOS_DEPLOYMENT_TARGET = 14.0;
				MTL_ENABLE_DEBUG_INFO = INCLUDE_SOURCE;
				MTL_FAST_MATH = YES;
				ONLY_ACTIVE_ARCH = YES;
				SDKROOT = iphoneos;
				SWIFT_ACTIVE_COMPILATION_CONDITIONS = DEBUG;
				SWIFT_OPTIMIZATION_LEVEL = "-Onone";
			};
			name = Debug;
		};
		1EA9B8B7253C7A9D0041E705 /* Release */ = {
			isa = XCBuildConfiguration;
			buildSettings = {
				ALWAYS_SEARCH_USER_PATHS = NO;
				CLANG_ANALYZER_NONNULL = YES;
				CLANG_ANALYZER_NUMBER_OBJECT_CONVERSION = YES_AGGRESSIVE;
				CLANG_CXX_LANGUAGE_STANDARD = "gnu++14";
				CLANG_CXX_LIBRARY = "libc++";
				CLANG_ENABLE_MODULES = YES;
				CLANG_ENABLE_OBJC_ARC = YES;
				CLANG_ENABLE_OBJC_WEAK = YES;
				CLANG_WARN_BLOCK_CAPTURE_AUTORELEASING = YES;
				CLANG_WARN_BOOL_CONVERSION = YES;
				CLANG_WARN_COMMA = YES;
				CLANG_WARN_CONSTANT_CONVERSION = YES;
				CLANG_WARN_DEPRECATED_OBJC_IMPLEMENTATIONS = YES;
				CLANG_WARN_DIRECT_OBJC_ISA_USAGE = YES_ERROR;
				CLANG_WARN_DOCUMENTATION_COMMENTS = YES;
				CLANG_WARN_EMPTY_BODY = YES;
				CLANG_WARN_ENUM_CONVERSION = YES;
				CLANG_WARN_INFINITE_RECURSION = YES;
				CLANG_WARN_INT_CONVERSION = YES;
				CLANG_WARN_NON_LITERAL_NULL_CONVERSION = YES;
				CLANG_WARN_OBJC_IMPLICIT_RETAIN_SELF = YES;
				CLANG_WARN_OBJC_LITERAL_CONVERSION = YES;
				CLANG_WARN_OBJC_ROOT_CLASS = YES_ERROR;
				CLANG_WARN_QUOTED_INCLUDE_IN_FRAMEWORK_HEADER = YES;
				CLANG_WARN_RANGE_LOOP_ANALYSIS = YES;
				CLANG_WARN_STRICT_PROTOTYPES = YES;
				CLANG_WARN_SUSPICIOUS_MOVE = YES;
				CLANG_WARN_UNGUARDED_AVAILABILITY = YES_AGGRESSIVE;
				CLANG_WARN_UNREACHABLE_CODE = YES;
				CLANG_WARN__DUPLICATE_METHOD_MATCH = YES;
				COPY_PHASE_STRIP = NO;
				DEBUG_INFORMATION_FORMAT = "dwarf-with-dsym";
				ENABLE_NS_ASSERTIONS = NO;
				ENABLE_STRICT_OBJC_MSGSEND = YES;
				GCC_C_LANGUAGE_STANDARD = gnu11;
				GCC_NO_COMMON_BLOCKS = YES;
				GCC_WARN_64_TO_32_BIT_CONVERSION = YES;
				GCC_WARN_ABOUT_RETURN_TYPE = YES_ERROR;
				GCC_WARN_UNDECLARED_SELECTOR = YES;
				GCC_WARN_UNINITIALIZED_AUTOS = YES_AGGRESSIVE;
				GCC_WARN_UNUSED_FUNCTION = YES;
				GCC_WARN_UNUSED_VARIABLE = YES;
				IPHONEOS_DEPLOYMENT_TARGET = 14.0;
				MTL_ENABLE_DEBUG_INFO = NO;
				MTL_FAST_MATH = YES;
				SDKROOT = iphoneos;
				SWIFT_COMPILATION_MODE = wholemodule;
				SWIFT_OPTIMIZATION_LEVEL = "-O";
				VALIDATE_PRODUCT = YES;
			};
			name = Release;
		};
		1EA9B8B9253C7A9D0041E705 /* Debug */ = {
			isa = XCBuildConfiguration;
			buildSettings = {
				ASSETCATALOG_COMPILER_APPICON_NAME = AppIcon;
				ASSETCATALOG_COMPILER_GLOBAL_ACCENT_COLOR_NAME = AccentColor;
				CODE_SIGN_STYLE = Automatic;
				DEVELOPMENT_TEAM = C82AXV6497;
				INFOPLIST_FILE = WiFiList/Info.plist;
				LD_RUNPATH_SEARCH_PATHS = (
					"$(inherited)",
					"@executable_path/Frameworks",
				);
				PRODUCT_BUNDLE_IDENTIFIER = "com.robert-tataru.WiFiList";
				PRODUCT_NAME = "$(TARGET_NAME)";
				SWIFT_VERSION = 5.0;
				TARGETED_DEVICE_FAMILY = "1,2";
			};
			name = Debug;
		};
		1EA9B8BA253C7A9D0041E705 /* Release */ = {
			isa = XCBuildConfiguration;
			buildSettings = {
				ASSETCATALOG_COMPILER_APPICON_NAME = AppIcon;
				ASSETCATALOG_COMPILER_GLOBAL_ACCENT_COLOR_NAME = AccentColor;
				CODE_SIGN_STYLE = Automatic;
				DEVELOPMENT_TEAM = C82AXV6497;
				INFOPLIST_FILE = WiFiList/Info.plist;
				LD_RUNPATH_SEARCH_PATHS = (
					"$(inherited)",
					"@executable_path/Frameworks",
				);
				PRODUCT_BUNDLE_IDENTIFIER = "com.robert-tataru.WiFiList";
				PRODUCT_NAME = "$(TARGET_NAME)";
				SWIFT_VERSION = 5.0;
				TARGETED_DEVICE_FAMILY = "1,2";
			};
			name = Release;
		};
		1EA9B8BC253C7A9D0041E705 /* Debug */ = {
			isa = XCBuildConfiguration;
			buildSettings = {
				ALWAYS_EMBED_SWIFT_STANDARD_LIBRARIES = YES;
				BUNDLE_LOADER = "$(TEST_HOST)";
				CODE_SIGN_STYLE = Automatic;
				DEVELOPMENT_TEAM = C82AXV6497;
				INFOPLIST_FILE = WiFiListTests/Info.plist;
				IPHONEOS_DEPLOYMENT_TARGET = 14.0;
				LD_RUNPATH_SEARCH_PATHS = (
					"$(inherited)",
					"@executable_path/Frameworks",
					"@loader_path/Frameworks",
				);
				PRODUCT_BUNDLE_IDENTIFIER = "com.robert-tataru.WiFiList.WiFiListTests";
				PRODUCT_NAME = "$(TARGET_NAME)";
				SWIFT_VERSION = 5.0;
				TARGETED_DEVICE_FAMILY = "1,2";
				TEST_HOST = "$(BUILT_PRODUCTS_DIR)/WiFiList.app/WiFiList";
			};
			name = Debug;
		};
		1EA9B8BD253C7A9D0041E705 /* Release */ = {
			isa = XCBuildConfiguration;
			buildSettings = {
				ALWAYS_EMBED_SWIFT_STANDARD_LIBRARIES = YES;
				BUNDLE_LOADER = "$(TEST_HOST)";
				CODE_SIGN_STYLE = Automatic;
				DEVELOPMENT_TEAM = C82AXV6497;
				INFOPLIST_FILE = WiFiListTests/Info.plist;
				IPHONEOS_DEPLOYMENT_TARGET = 14.0;
				LD_RUNPATH_SEARCH_PATHS = (
					"$(inherited)",
					"@executable_path/Frameworks",
					"@loader_path/Frameworks",
				);
				PRODUCT_BUNDLE_IDENTIFIER = "com.robert-tataru.WiFiList.WiFiListTests";
				PRODUCT_NAME = "$(TARGET_NAME)";
				SWIFT_VERSION = 5.0;
				TARGETED_DEVICE_FAMILY = "1,2";
				TEST_HOST = "$(BUILT_PRODUCTS_DIR)/WiFiList.app/WiFiList";
			};
			name = Release;
		};
		1EA9B8BF253C7A9D0041E705 /* Debug */ = {
			isa = XCBuildConfiguration;
			buildSettings = {
				ALWAYS_EMBED_SWIFT_STANDARD_LIBRARIES = YES;
				CODE_SIGN_STYLE = Automatic;
				DEVELOPMENT_TEAM = C82AXV6497;
				INFOPLIST_FILE = WiFiListUITests/Info.plist;
				LD_RUNPATH_SEARCH_PATHS = (
					"$(inherited)",
					"@executable_path/Frameworks",
					"@loader_path/Frameworks",
				);
				PRODUCT_BUNDLE_IDENTIFIER = "com.robert-tataru.WiFiList.WiFiListUITests";
				PRODUCT_NAME = "$(TARGET_NAME)";
				SWIFT_VERSION = 5.0;
				TARGETED_DEVICE_FAMILY = "1,2";
				TEST_TARGET_NAME = WiFiList;
			};
			name = Debug;
		};
		1EA9B8C0253C7A9D0041E705 /* Release */ = {
			isa = XCBuildConfiguration;
			buildSettings = {
				ALWAYS_EMBED_SWIFT_STANDARD_LIBRARIES = YES;
				CODE_SIGN_STYLE = Automatic;
				DEVELOPMENT_TEAM = C82AXV6497;
				INFOPLIST_FILE = WiFiListUITests/Info.plist;
				LD_RUNPATH_SEARCH_PATHS = (
					"$(inherited)",
					"@executable_path/Frameworks",
					"@loader_path/Frameworks",
				);
				PRODUCT_BUNDLE_IDENTIFIER = "com.robert-tataru.WiFiList.WiFiListUITests";
				PRODUCT_NAME = "$(TARGET_NAME)";
				SWIFT_VERSION = 5.0;
				TARGETED_DEVICE_FAMILY = "1,2";
				TEST_TARGET_NAME = WiFiList;
			};
			name = Release;
		};
/* End XCBuildConfiguration section */

/* Begin XCConfigurationList section */
		1EA9B886253C7A9B0041E705 /* Build configuration list for PBXProject "WiFiList" */ = {
			isa = XCConfigurationList;
			buildConfigurations = (
				1EA9B8B6253C7A9D0041E705 /* Debug */,
				1EA9B8B7253C7A9D0041E705 /* Release */,
			);
			defaultConfigurationIsVisible = 0;
			defaultConfigurationName = Release;
		};
		1EA9B8B8253C7A9D0041E705 /* Build configuration list for PBXNativeTarget "WiFiList" */ = {
			isa = XCConfigurationList;
			buildConfigurations = (
				1EA9B8B9253C7A9D0041E705 /* Debug */,
				1EA9B8BA253C7A9D0041E705 /* Release */,
			);
			defaultConfigurationIsVisible = 0;
			defaultConfigurationName = Release;
		};
		1EA9B8BB253C7A9D0041E705 /* Build configuration list for PBXNativeTarget "WiFiListTests" */ = {
			isa = XCConfigurationList;
			buildConfigurations = (
				1EA9B8BC253C7A9D0041E705 /* Debug */,
				1EA9B8BD253C7A9D0041E705 /* Release */,
			);
			defaultConfigurationIsVisible = 0;
			defaultConfigurationName = Release;
		};
		1EA9B8BE253C7A9D0041E705 /* Build configuration list for PBXNativeTarget "WiFiListUITests" */ = {
			isa = XCConfigurationList;
			buildConfigurations = (
				1EA9B8BF253C7A9D0041E705 /* Debug */,
				1EA9B8C0253C7A9D0041E705 /* Release */,
			);
			defaultConfigurationIsVisible = 0;
			defaultConfigurationName = Release;
		};
/* End XCConfigurationList section */

/* Begin XCVersionGroup section */
		1EA9B897253C7A9B0041E705 /* WiFiList.xcdatamodeld */ = {
			isa = XCVersionGroup;
			children = (
				1EA9B898253C7A9B0041E705 /* WiFiList.xcdatamodel */,
			);
			currentVersion = 1EA9B898253C7A9B0041E705 /* WiFiList.xcdatamodel */;
			path = WiFiList.xcdatamodeld;
			sourceTree = "<group>";
			versionGroupType = wrapper.xcdatamodel;
		};
/* End XCVersionGroup section */
	};
	rootObject = 1EA9B883253C7A9B0041E705 /* Project object */;
}
